# This file was autogenerated by Stack.
# You should not edit this file by hand.
# For more information, please see the documentation at:
#   https://docs.haskellstack.org/en/stable/lock_files

packages:
- completed:
    hackage: gltf-codec-0.1.0.2@sha256:9d8b877cffde7bebdf6d3c584b730d505e5f091eafabcd8a1a91d6eccf124228,2544
    pantry-tree:
      size: 1665
      sha256: f50f20e176ed05b902289520a496957e3657341506f123f00c4583520bde386e
  original:
    hackage: gltf-codec-0.1.0.2@sha256:9d8b877cffde7bebdf6d3c584b730d505e5f091eafabcd8a1a91d6eccf124228,2544
snapshots:
- completed:
    size: 533252
    url: https://raw.githubusercontent.com/commercialhaskell/stackage-snapshots/master/lts/16/27.yaml
    sha256: c2aaae52beeacf6a5727c1010f50e89d03869abfab6d2c2658ade9da8ed50c73
  original: lts-16.27
