# This file was autogenerated by Stack.
# You should not edit this file by hand.
# For more information, please see the documentation at:
#   https://docs.haskellstack.org/en/stable/lock_files

packages:
- completed:
    name: Cartesian
    version: 0.6.0.0
    git: https://github.com/jordanemedlock/Cartesian.git
    pantry-tree:
      size: 1211
      sha256: c671067768bc0ce31c05dcc6a89ed11d528b31807709c6feb817f31803ef3664
    commit: ed05b53a14f9a7f9ebb21b7cd9affae3d95af3f6
  original:
    git: https://github.com/jordanemedlock/Cartesian.git
    commit: ed05b53a14f9a7f9ebb21b7cd9affae3d95af3f6
- completed:
    name: WaveFront
    version: 0.1.0.0
    git: https://github.com/jordanemedlock/3DWaves.git
    pantry-tree:
      size: 1309
      sha256: 2e8a5fb0581bfbc0ef226adca17436331e8df4bdfab978e35520025ae3de323b
    commit: 672bb568fbc078152762f9ab01db508ea9bbe6d0
  original:
    git: https://github.com/jordanemedlock/3DWaves.git
    commit: 672bb568fbc078152762f9ab01db508ea9bbe6d0
snapshots:
- completed:
    size: 533252
    url: https://raw.githubusercontent.com/commercialhaskell/stackage-snapshots/master/lts/16/27.yaml
    sha256: c2aaae52beeacf6a5727c1010f50e89d03869abfab6d2c2658ade9da8ed50c73
  original: lts-16.27
