# This file was autogenerated by Stack.
# You should not edit this file by hand.
# For more information, please see the documentation at:
#   https://docs.haskellstack.org/en/stable/lock_files

packages:
- completed:
    hackage: vulkan-3.23@sha256:c68c376321911a1a06056191b3ff5254009c3b5a1b554ac2bf33dc648ce6fb2d,31305
    pantry-tree:
      sha256: 9c8254e8022dca7d1548623e45bd53e77ee9837d06441471e4d62d304f2ecf99
      size: 84788
  original:
    hackage: vulkan-3.23
- completed:
    hackage: vulkan-utils-0.5.10.1@sha256:744b88cdcb4e6606abfbcc7bf24dbb8b16a005d156021e59e1402b95cc63c811,3959
    pantry-tree:
      sha256: 6586e020cc361e49c585ace11da8fba6f184465831ac59ec3466328d52ec18c7
      size: 2226
  original:
    hackage: vulkan-utils-0.5.10.1
snapshots:
- completed:
    sha256: 5cacb39a2c21842535dc0a31e2005d3b1eb18e451a89d58c28381e1efdb9520f
    size: 647983
    url: https://raw.githubusercontent.com/commercialhaskell/stackage-snapshots/master/nightly/2022/11/12.yaml
  original: nightly-2022-11-12
